
Microsoft Visual Studio Solution File, Format Version 12.00
# Visual Studio Version 17
VisualStudioVersion = 17.9.34728.123
MinimumVisualStudioVersion = 10.0.40219.1
Project("{FAE04EC0-301F-11D3-BF4B-00C04F79EFBC}") = "Exercise_10_1_001", "Exercise_10_1_001\Exercise_10_1_001.csproj", "{8553E5CC-D46A-4097-92FF-256A2C8D5F59}"
EndProject
Project("{2150E333-8FDC-42A3-9474-1A3956D46DE8}") = "Unit_1", "Unit_1", "{BC881D6C-1A4E-4CDD-A54F-63F19A56B538}"
EndProject
Global
	GlobalSection(SolutionConfigurationPlatforms) = preSolution
		Debug|Any CPU = Debug|Any CPU
		Release|Any CPU = Release|Any CPU
	EndGlobalSection
	GlobalSection(ProjectConfigurationPlatforms) = postSolution
		{8553E5CC-D46A-4097-92FF-256A2C8D5F59}.Debug|Any CPU.ActiveCfg = Debug|Any CPU
		{8553E5CC-D46A-4097-92FF-256A2C8D5F59}.Debug|Any CPU.Build.0 = Debug|Any CPU
		{8553E5CC-D46A-4097-92FF-256A2C8D5F59}.Release|Any CPU.ActiveCfg = Release|Any CPU
		{8553E5CC-D46A-4097-92FF-256A2C8D5F59}.Release|Any CPU.Build.0 = Release|Any CPU
	EndGlobalSection
	GlobalSection(SolutionProperties) = preSolution
		HideSolutionNode = FALSE
	EndGlobalSection
	GlobalSection(NestedProjects) = preSolution
		{8553E5CC-D46A-4097-92FF-256A2C8D5F59} = {BC881D6C-1A4E-4CDD-A54F-63F19A56B538}
	EndGlobalSection
	GlobalSection(ExtensibilityGlobals) = postSolution
		SolutionGuid = {FBF20858-27E3-4D28-8F0D-B0FACFDD72C3}
	EndGlobalSection
EndGlobal
